
Microsoft Visual Studio Solution File, Format Version 12.00
# Visual Studio 15
VisualStudioVersion = 15.0.28307.852
MinimumVisualStudioVersion = 10.0.40219.1
Project("{FAE04EC0-301F-11D3-BF4B-00C04F79EFBC}") = "Covid19", "Covid19\Covid19.csproj", "{7A2A9CED-7294-4B7A-9FD2-033C6C83416C}"
EndProject
Global
	GlobalSection(SolutionConfigurationPlatforms) = preSolution
		Debug|Any CPU = Debug|Any CPU
		Release|Any CPU = Release|Any CPU
	EndGlobalSection
	GlobalSection(ProjectConfigurationPlatforms) = postSolution
		{7A2A9CED-7294-4B7A-9FD2-033C6C83416C}.Debug|Any CPU.ActiveCfg = Debug|Any CPU
		{7A2A9CED-7294-4B7A-9FD2-033C6C83416C}.Debug|Any CPU.Build.0 = Debug|Any CPU
		{7A2A9CED-7294-4B7A-9FD2-033C6C83416C}.Debug|Any CPU.Deploy.0 = Debug|Any CPU
		{7A2A9CED-7294-4B7A-9FD2-033C6C83416C}.Release|Any CPU.ActiveCfg = Release|Any CPU
		{7A2A9CED-7294-4B7A-9FD2-033C6C83416C}.Release|Any CPU.Build.0 = Release|Any CPU
		{7A2A9CED-7294-4B7A-9FD2-033C6C83416C}.Release|Any CPU.Deploy.0 = Release|Any CPU
	EndGlobalSection
	GlobalSection(SolutionProperties) = preSolution
		HideSolutionNode = FALSE
	EndGlobalSection
	GlobalSection(ExtensibilityGlobals) = postSolution
		SolutionGuid = {00C282F2-ADB0-4570-B2F5-F2862758AA5D}
	EndGlobalSection
EndGlobal
